
Microsoft Visual Studio Solution File, Format Version 12.00
# Visual Studio Version 16
VisualStudioVersion = 16.0.30413.136
MinimumVisualStudioVersion = 10.0.40219.1
Project("{F2A71F9B-5D33-465A-A702-920D77279786}") = "aoc", "aoc.fsproj", "{C304C49C-1768-42D5-A2F6-2D6B6B4634B5}"
EndProject
Global
	GlobalSection(SolutionConfigurationPlatforms) = preSolution
		Debug|Any CPU = Debug|Any CPU
		Release|Any CPU = Release|Any CPU
	EndGlobalSection
	GlobalSection(ProjectConfigurationPlatforms) = postSolution
		{C304C49C-1768-42D5-A2F6-2D6B6B4634B5}.Debug|Any CPU.ActiveCfg = Debug|Any CPU
		{C304C49C-1768-42D5-A2F6-2D6B6B4634B5}.Debug|Any CPU.Build.0 = Debug|Any CPU
		{C304C49C-1768-42D5-A2F6-2D6B6B4634B5}.Release|Any CPU.ActiveCfg = Release|Any CPU
		{C304C49C-1768-42D5-A2F6-2D6B6B4634B5}.Release|Any CPU.Build.0 = Release|Any CPU
	EndGlobalSection
	GlobalSection(SolutionProperties) = preSolution
		HideSolutionNode = FALSE
	EndGlobalSection
	GlobalSection(ExtensibilityGlobals) = postSolution
		SolutionGuid = {2E46F4E9-3379-4CC8-BDE7-753964361277}
	EndGlobalSection
EndGlobal
