
Microsoft Visual Studio Solution File, Format Version 12.00
# Visual Studio Version 16
VisualStudioVersion = 16.0.30413.136
MinimumVisualStudioVersion = 10.0.40219.1
Project("{FAE04EC0-301F-11D3-BF4B-00C04F79EFBC}") = "taocp_avl_tree", "taocp_avl_tree.csproj", "{2D8655C1-195C-4FE6-8E56-E0DD3FC7680A}"
EndProject
Global
	GlobalSection(SolutionConfigurationPlatforms) = preSolution
		Debug|Any CPU = Debug|Any CPU
		Release|Any CPU = Release|Any CPU
	EndGlobalSection
	GlobalSection(ProjectConfigurationPlatforms) = postSolution
		{2D8655C1-195C-4FE6-8E56-E0DD3FC7680A}.Debug|Any CPU.ActiveCfg = Debug|Any CPU
		{2D8655C1-195C-4FE6-8E56-E0DD3FC7680A}.Debug|Any CPU.Build.0 = Debug|Any CPU
		{2D8655C1-195C-4FE6-8E56-E0DD3FC7680A}.Release|Any CPU.ActiveCfg = Release|Any CPU
		{2D8655C1-195C-4FE6-8E56-E0DD3FC7680A}.Release|Any CPU.Build.0 = Release|Any CPU
	EndGlobalSection
	GlobalSection(SolutionProperties) = preSolution
		HideSolutionNode = FALSE
	EndGlobalSection
	GlobalSection(ExtensibilityGlobals) = postSolution
		SolutionGuid = {A1D419A5-C94D-4B5A-877C-A36F6A241BCE}
	EndGlobalSection
EndGlobal
