
Microsoft Visual Studio Solution File, Format Version 12.00
# Visual Studio Version 16
VisualStudioVersion = 16.0.30413.136
MinimumVisualStudioVersion = 10.0.40219.1
Project("{FAE04EC0-301F-11D3-BF4B-00C04F79EFBC}") = "aoc", "aoc.csproj", "{DB2AC8DE-8A36-480C-B6C2-ED35785542CB}"
EndProject
Global
	GlobalSection(SolutionConfigurationPlatforms) = preSolution
		Debug|Any CPU = Debug|Any CPU
		Release|Any CPU = Release|Any CPU
	EndGlobalSection
	GlobalSection(ProjectConfigurationPlatforms) = postSolution
		{DB2AC8DE-8A36-480C-B6C2-ED35785542CB}.Debug|Any CPU.ActiveCfg = Debug|Any CPU
		{DB2AC8DE-8A36-480C-B6C2-ED35785542CB}.Debug|Any CPU.Build.0 = Debug|Any CPU
		{DB2AC8DE-8A36-480C-B6C2-ED35785542CB}.Release|Any CPU.ActiveCfg = Release|Any CPU
		{DB2AC8DE-8A36-480C-B6C2-ED35785542CB}.Release|Any CPU.Build.0 = Release|Any CPU
	EndGlobalSection
	GlobalSection(SolutionProperties) = preSolution
		HideSolutionNode = FALSE
	EndGlobalSection
	GlobalSection(ExtensibilityGlobals) = postSolution
		SolutionGuid = {36B23716-481A-4EC7-9EB9-9D0D260967CF}
	EndGlobalSection
EndGlobal
